
Microsoft Visual Studio Solution File, Format Version 12.00
# Visual Studio Version 16
VisualStudioVersion = 16.0.31624.102
MinimumVisualStudioVersion = 10.0.40219.1
Project("{9A19103F-16F7-4668-BE54-9A1E7A4F7556}") = "BakeryOpenning", "BakeryOpenning.csproj", "{9FD5F065-03F1-4712-BA2D-850ACEBBCF71}"
EndProject
Global
	GlobalSection(SolutionConfigurationPlatforms) = preSolution
		Debug|Any CPU = Debug|Any CPU
		Release|Any CPU = Release|Any CPU
	EndGlobalSection
	GlobalSection(ProjectConfigurationPlatforms) = postSolution
		{9FD5F065-03F1-4712-BA2D-850ACEBBCF71}.Debug|Any CPU.ActiveCfg = Debug|Any CPU
		{9FD5F065-03F1-4712-BA2D-850ACEBBCF71}.Debug|Any CPU.Build.0 = Debug|Any CPU
		{9FD5F065-03F1-4712-BA2D-850ACEBBCF71}.Release|Any CPU.ActiveCfg = Release|Any CPU
		{9FD5F065-03F1-4712-BA2D-850ACEBBCF71}.Release|Any CPU.Build.0 = Release|Any CPU
	EndGlobalSection
	GlobalSection(SolutionProperties) = preSolution
		HideSolutionNode = FALSE
	EndGlobalSection
	GlobalSection(ExtensibilityGlobals) = postSolution
		SolutionGuid = {0561D87E-4351-4135-89C6-5BD5E0F9EB02}
	EndGlobalSection
EndGlobal
