
Microsoft Visual Studio Solution File, Format Version 12.00
# Visual Studio Version 16
VisualStudioVersion = 16.0.31624.102
MinimumVisualStudioVersion = 10.0.40219.1
Project("{9A19103F-16F7-4668-BE54-9A1E7A4F7556}") = "01. SortEvenNumbers", "01. SortEvenNumbers\01. SortEvenNumbers.csproj", "{1EEA955C-2570-4C7D-9CA1-64317D38E694}"
EndProject
Project("{FAE04EC0-301F-11D3-BF4B-00C04F79EFBC}") = "02. SumNumbers", "02. SumNumbers\02. SumNumbers.csproj", "{501F7F55-2DF2-4D35-91F3-7283D297F596}"
EndProject
Project("{FAE04EC0-301F-11D3-BF4B-00C04F79EFBC}") = "03. CountUppercaseWords", "03. CountUppercaseWords\03. CountUppercaseWords.csproj", "{31997416-A214-45B8-86A5-39A714F2A702}"
EndProject
Project("{FAE04EC0-301F-11D3-BF4B-00C04F79EFBC}") = "04. AddVAT", "04. AddVAT\04. AddVAT.csproj", "{78E9EE26-F26F-458D-A109-40D1817F3D70}"
EndProject
Project("{FAE04EC0-301F-11D3-BF4B-00C04F79EFBC}") = "05. FilterByAge", "05. FilterByAge\05. FilterByAge.csproj", "{81002959-0BAD-4BB7-A381-C7743250F4FB}"
EndProject
Global
	GlobalSection(SolutionConfigurationPlatforms) = preSolution
		Debug|Any CPU = Debug|Any CPU
		Release|Any CPU = Release|Any CPU
	EndGlobalSection
	GlobalSection(ProjectConfigurationPlatforms) = postSolution
		{1EEA955C-2570-4C7D-9CA1-64317D38E694}.Debug|Any CPU.ActiveCfg = Debug|Any CPU
		{1EEA955C-2570-4C7D-9CA1-64317D38E694}.Debug|Any CPU.Build.0 = Debug|Any CPU
		{1EEA955C-2570-4C7D-9CA1-64317D38E694}.Release|Any CPU.ActiveCfg = Release|Any CPU
		{1EEA955C-2570-4C7D-9CA1-64317D38E694}.Release|Any CPU.Build.0 = Release|Any CPU
		{501F7F55-2DF2-4D35-91F3-7283D297F596}.Debug|Any CPU.ActiveCfg = Debug|Any CPU
		{501F7F55-2DF2-4D35-91F3-7283D297F596}.Debug|Any CPU.Build.0 = Debug|Any CPU
		{501F7F55-2DF2-4D35-91F3-7283D297F596}.Release|Any CPU.ActiveCfg = Release|Any CPU
		{501F7F55-2DF2-4D35-91F3-7283D297F596}.Release|Any CPU.Build.0 = Release|Any CPU
		{31997416-A214-45B8-86A5-39A714F2A702}.Debug|Any CPU.ActiveCfg = Debug|Any CPU
		{31997416-A214-45B8-86A5-39A714F2A702}.Debug|Any CPU.Build.0 = Debug|Any CPU
		{31997416-A214-45B8-86A5-39A714F2A702}.Release|Any CPU.ActiveCfg = Release|Any CPU
		{31997416-A214-45B8-86A5-39A714F2A702}.Release|Any CPU.Build.0 = Release|Any CPU
		{78E9EE26-F26F-458D-A109-40D1817F3D70}.Debug|Any CPU.ActiveCfg = Debug|Any CPU
		{78E9EE26-F26F-458D-A109-40D1817F3D70}.Debug|Any CPU.Build.0 = Debug|Any CPU
		{78E9EE26-F26F-458D-A109-40D1817F3D70}.Release|Any CPU.ActiveCfg = Release|Any CPU
		{78E9EE26-F26F-458D-A109-40D1817F3D70}.Release|Any CPU.Build.0 = Release|Any CPU
		{81002959-0BAD-4BB7-A381-C7743250F4FB}.Debug|Any CPU.ActiveCfg = Debug|Any CPU
		{81002959-0BAD-4BB7-A381-C7743250F4FB}.Debug|Any CPU.Build.0 = Debug|Any CPU
		{81002959-0BAD-4BB7-A381-C7743250F4FB}.Release|Any CPU.ActiveCfg = Release|Any CPU
		{81002959-0BAD-4BB7-A381-C7743250F4FB}.Release|Any CPU.Build.0 = Release|Any CPU
	EndGlobalSection
	GlobalSection(SolutionProperties) = preSolution
		HideSolutionNode = FALSE
	EndGlobalSection
	GlobalSection(ExtensibilityGlobals) = postSolution
		SolutionGuid = {F4751E79-16F4-4BAA-ABC7-43B08AF8307B}
	EndGlobalSection
EndGlobal
