
Microsoft Visual Studio Solution File, Format Version 12.00
# Visual Studio Version 16
VisualStudioVersion = 16.0.31624.102
MinimumVisualStudioVersion = 10.0.40219.1
Project("{FAE04EC0-301F-11D3-BF4B-00C04F79EFBC}") = "01.Cooking", "01.Cooking\01.Cooking.csproj", "{48D51886-C1F1-4906-BB8D-69397711E3D2}"
EndProject
Global
	GlobalSection(SolutionConfigurationPlatforms) = preSolution
		Debug|Any CPU = Debug|Any CPU
		Release|Any CPU = Release|Any CPU
	EndGlobalSection
	GlobalSection(ProjectConfigurationPlatforms) = postSolution
		{48D51886-C1F1-4906-BB8D-69397711E3D2}.Debug|Any CPU.ActiveCfg = Debug|Any CPU
		{48D51886-C1F1-4906-BB8D-69397711E3D2}.Debug|Any CPU.Build.0 = Debug|Any CPU
		{48D51886-C1F1-4906-BB8D-69397711E3D2}.Release|Any CPU.ActiveCfg = Release|Any CPU
		{48D51886-C1F1-4906-BB8D-69397711E3D2}.Release|Any CPU.Build.0 = Release|Any CPU
	EndGlobalSection
	GlobalSection(SolutionProperties) = preSolution
		HideSolutionNode = FALSE
	EndGlobalSection
	GlobalSection(ExtensibilityGlobals) = postSolution
		SolutionGuid = {D7E70C6B-7140-4CE0-9AB3-C181606745AB}
	EndGlobalSection
EndGlobal
