
Microsoft Visual Studio Solution File, Format Version 12.00
# Visual Studio Version 16
VisualStudioVersion = 16.0.31624.102
MinimumVisualStudioVersion = 10.0.40219.1
Project("{9A19103F-16F7-4668-BE54-9A1E7A4F7556}") = "01. Car", "01. Car\01. Car.csproj", "{76857F95-041A-4441-B82F-D3280858400C}"
EndProject
Project("{FAE04EC0-301F-11D3-BF4B-00C04F79EFBC}") = "02.CarExtension", "2.CarExtension\02.CarExtension.csproj", "{D5CABE7F-C89C-4823-B0FD-A66F0370EF9A}"
EndProject
Project("{FAE04EC0-301F-11D3-BF4B-00C04F79EFBC}") = "03.CarConstructors", "03.CarConstructors\03.CarConstructors.csproj", "{F40A58E4-29FA-4051-8880-72A87140BF4C}"
EndProject
Project("{FAE04EC0-301F-11D3-BF4B-00C04F79EFBC}") = "04.CarEngineAndTires", "04.CarEngineAndTires\04.CarEngineAndTires.csproj", "{6045F5D6-3FD8-4C3A-AAB8-16DC178DDBC5}"
EndProject
Project("{FAE04EC0-301F-11D3-BF4B-00C04F79EFBC}") = "05.SpecialCars", "05.SpecialCars\05.SpecialCars.csproj", "{321BCAB5-B3A6-472E-B89F-DE1D4D5D3F16}"
EndProject
Global
	GlobalSection(SolutionConfigurationPlatforms) = preSolution
		Debug|Any CPU = Debug|Any CPU
		Release|Any CPU = Release|Any CPU
	EndGlobalSection
	GlobalSection(ProjectConfigurationPlatforms) = postSolution
		{76857F95-041A-4441-B82F-D3280858400C}.Debug|Any CPU.ActiveCfg = Debug|Any CPU
		{76857F95-041A-4441-B82F-D3280858400C}.Debug|Any CPU.Build.0 = Debug|Any CPU
		{76857F95-041A-4441-B82F-D3280858400C}.Release|Any CPU.ActiveCfg = Release|Any CPU
		{76857F95-041A-4441-B82F-D3280858400C}.Release|Any CPU.Build.0 = Release|Any CPU
		{D5CABE7F-C89C-4823-B0FD-A66F0370EF9A}.Debug|Any CPU.ActiveCfg = Debug|Any CPU
		{D5CABE7F-C89C-4823-B0FD-A66F0370EF9A}.Debug|Any CPU.Build.0 = Debug|Any CPU
		{D5CABE7F-C89C-4823-B0FD-A66F0370EF9A}.Release|Any CPU.ActiveCfg = Release|Any CPU
		{D5CABE7F-C89C-4823-B0FD-A66F0370EF9A}.Release|Any CPU.Build.0 = Release|Any CPU
		{F40A58E4-29FA-4051-8880-72A87140BF4C}.Debug|Any CPU.ActiveCfg = Debug|Any CPU
		{F40A58E4-29FA-4051-8880-72A87140BF4C}.Debug|Any CPU.Build.0 = Debug|Any CPU
		{F40A58E4-29FA-4051-8880-72A87140BF4C}.Release|Any CPU.ActiveCfg = Release|Any CPU
		{F40A58E4-29FA-4051-8880-72A87140BF4C}.Release|Any CPU.Build.0 = Release|Any CPU
		{6045F5D6-3FD8-4C3A-AAB8-16DC178DDBC5}.Debug|Any CPU.ActiveCfg = Debug|Any CPU
		{6045F5D6-3FD8-4C3A-AAB8-16DC178DDBC5}.Debug|Any CPU.Build.0 = Debug|Any CPU
		{6045F5D6-3FD8-4C3A-AAB8-16DC178DDBC5}.Release|Any CPU.ActiveCfg = Release|Any CPU
		{6045F5D6-3FD8-4C3A-AAB8-16DC178DDBC5}.Release|Any CPU.Build.0 = Release|Any CPU
		{321BCAB5-B3A6-472E-B89F-DE1D4D5D3F16}.Debug|Any CPU.ActiveCfg = Debug|Any CPU
		{321BCAB5-B3A6-472E-B89F-DE1D4D5D3F16}.Debug|Any CPU.Build.0 = Debug|Any CPU
		{321BCAB5-B3A6-472E-B89F-DE1D4D5D3F16}.Release|Any CPU.ActiveCfg = Release|Any CPU
		{321BCAB5-B3A6-472E-B89F-DE1D4D5D3F16}.Release|Any CPU.Build.0 = Release|Any CPU
	EndGlobalSection
	GlobalSection(SolutionProperties) = preSolution
		HideSolutionNode = FALSE
	EndGlobalSection
	GlobalSection(ExtensibilityGlobals) = postSolution
		SolutionGuid = {5D1C75BA-E35C-46EC-A705-B52D8721D896}
	EndGlobalSection
EndGlobal
