
Microsoft Visual Studio Solution File, Format Version 12.00
# Visual Studio Version 16
VisualStudioVersion = 16.0.31624.102
MinimumVisualStudioVersion = 10.0.40219.1
Project("{FAE04EC0-301F-11D3-BF4B-00C04F79EFBC}") = "01.Bombs", "01.Bombs\01.Bombs.csproj", "{E60E7F7D-8ADA-40F5-8887-D2C780658D4F}"
EndProject
Project("{FAE04EC0-301F-11D3-BF4B-00C04F79EFBC}") = "02.Snake", "02.Snake\02.Snake.csproj", "{74BA476C-A40E-402C-9DFB-B4E13662ADD7}"
EndProject
Global
	GlobalSection(SolutionConfigurationPlatforms) = preSolution
		Debug|Any CPU = Debug|Any CPU
		Release|Any CPU = Release|Any CPU
	EndGlobalSection
	GlobalSection(ProjectConfigurationPlatforms) = postSolution
		{E60E7F7D-8ADA-40F5-8887-D2C780658D4F}.Debug|Any CPU.ActiveCfg = Debug|Any CPU
		{E60E7F7D-8ADA-40F5-8887-D2C780658D4F}.Debug|Any CPU.Build.0 = Debug|Any CPU
		{E60E7F7D-8ADA-40F5-8887-D2C780658D4F}.Release|Any CPU.ActiveCfg = Release|Any CPU
		{E60E7F7D-8ADA-40F5-8887-D2C780658D4F}.Release|Any CPU.Build.0 = Release|Any CPU
		{74BA476C-A40E-402C-9DFB-B4E13662ADD7}.Debug|Any CPU.ActiveCfg = Debug|Any CPU
		{74BA476C-A40E-402C-9DFB-B4E13662ADD7}.Debug|Any CPU.Build.0 = Debug|Any CPU
		{74BA476C-A40E-402C-9DFB-B4E13662ADD7}.Release|Any CPU.ActiveCfg = Release|Any CPU
		{74BA476C-A40E-402C-9DFB-B4E13662ADD7}.Release|Any CPU.Build.0 = Release|Any CPU
	EndGlobalSection
	GlobalSection(SolutionProperties) = preSolution
		HideSolutionNode = FALSE
	EndGlobalSection
	GlobalSection(ExtensibilityGlobals) = postSolution
		SolutionGuid = {FFE49B3D-797C-4216-9776-0492412FFD17}
	EndGlobalSection
EndGlobal
