
Microsoft Visual Studio Solution File, Format Version 12.00
# Visual Studio Version 16
VisualStudioVersion = 16.0.31624.102
MinimumVisualStudioVersion = 10.0.40219.1
Project("{9A19103F-16F7-4668-BE54-9A1E7A4F7556}") = "01.FoodFinder", "Problem1\01.FoodFinder.csproj", "{A1D47860-8439-4B69-A924-98948DBF93EB}"
EndProject
Project("{9A19103F-16F7-4668-BE54-9A1E7A4F7556}") = "02.PawnWars", "Problem2\02.PawnWars.csproj", "{2A13E0B3-AB9E-4769-9C59-124C33A194D5}"
EndProject
Project("{9A19103F-16F7-4668-BE54-9A1E7A4F7556}") = "03.StockMarket", "Problem3\03.StockMarket.csproj", "{32D398F8-A199-414D-8FAD-9B28523E9380}"
EndProject
Global
	GlobalSection(SolutionConfigurationPlatforms) = preSolution
		Debug|Any CPU = Debug|Any CPU
		Release|Any CPU = Release|Any CPU
	EndGlobalSection
	GlobalSection(ProjectConfigurationPlatforms) = postSolution
		{A1D47860-8439-4B69-A924-98948DBF93EB}.Debug|Any CPU.ActiveCfg = Debug|Any CPU
		{A1D47860-8439-4B69-A924-98948DBF93EB}.Debug|Any CPU.Build.0 = Debug|Any CPU
		{A1D47860-8439-4B69-A924-98948DBF93EB}.Release|Any CPU.ActiveCfg = Release|Any CPU
		{A1D47860-8439-4B69-A924-98948DBF93EB}.Release|Any CPU.Build.0 = Release|Any CPU
		{2A13E0B3-AB9E-4769-9C59-124C33A194D5}.Debug|Any CPU.ActiveCfg = Debug|Any CPU
		{2A13E0B3-AB9E-4769-9C59-124C33A194D5}.Debug|Any CPU.Build.0 = Debug|Any CPU
		{2A13E0B3-AB9E-4769-9C59-124C33A194D5}.Release|Any CPU.ActiveCfg = Release|Any CPU
		{2A13E0B3-AB9E-4769-9C59-124C33A194D5}.Release|Any CPU.Build.0 = Release|Any CPU
		{32D398F8-A199-414D-8FAD-9B28523E9380}.Debug|Any CPU.ActiveCfg = Debug|Any CPU
		{32D398F8-A199-414D-8FAD-9B28523E9380}.Debug|Any CPU.Build.0 = Debug|Any CPU
		{32D398F8-A199-414D-8FAD-9B28523E9380}.Release|Any CPU.ActiveCfg = Release|Any CPU
		{32D398F8-A199-414D-8FAD-9B28523E9380}.Release|Any CPU.Build.0 = Release|Any CPU
	EndGlobalSection
	GlobalSection(SolutionProperties) = preSolution
		HideSolutionNode = FALSE
	EndGlobalSection
	GlobalSection(ExtensibilityGlobals) = postSolution
		SolutionGuid = {24B1F19C-260D-4D93-A4BF-D6930B67F2C7}
	EndGlobalSection
EndGlobal
