
Microsoft Visual Studio Solution File, Format Version 12.00
# Visual Studio Version 16
VisualStudioVersion = 16.0.31624.102
MinimumVisualStudioVersion = 10.0.40219.1
Project("{9A19103F-16F7-4668-BE54-9A1E7A4F7556}") = "01.Scheduling", "01.Scheduling\01.Scheduling.csproj", "{C1E3177D-21A1-4536-9A3D-CCED93223524}"
EndProject
Project("{9A19103F-16F7-4668-BE54-9A1E7A4F7556}") = "02. Garden", "02. Garden\02. Garden.csproj", "{235E5BE0-763F-4801-BE3F-0B752846BB3F}"
EndProject
Project("{9A19103F-16F7-4668-BE54-9A1E7A4F7556}") = "03.ClassroomProject", "03.Classroom\03.ClassroomProject.csproj", "{2B345BA7-0D45-4EBE-B12D-9F25DC191B56}"
EndProject
Global
	GlobalSection(SolutionConfigurationPlatforms) = preSolution
		Debug|Any CPU = Debug|Any CPU
		Release|Any CPU = Release|Any CPU
	EndGlobalSection
	GlobalSection(ProjectConfigurationPlatforms) = postSolution
		{C1E3177D-21A1-4536-9A3D-CCED93223524}.Debug|Any CPU.ActiveCfg = Debug|Any CPU
		{C1E3177D-21A1-4536-9A3D-CCED93223524}.Debug|Any CPU.Build.0 = Debug|Any CPU
		{C1E3177D-21A1-4536-9A3D-CCED93223524}.Release|Any CPU.ActiveCfg = Release|Any CPU
		{C1E3177D-21A1-4536-9A3D-CCED93223524}.Release|Any CPU.Build.0 = Release|Any CPU
		{235E5BE0-763F-4801-BE3F-0B752846BB3F}.Debug|Any CPU.ActiveCfg = Debug|Any CPU
		{235E5BE0-763F-4801-BE3F-0B752846BB3F}.Debug|Any CPU.Build.0 = Debug|Any CPU
		{235E5BE0-763F-4801-BE3F-0B752846BB3F}.Release|Any CPU.ActiveCfg = Release|Any CPU
		{235E5BE0-763F-4801-BE3F-0B752846BB3F}.Release|Any CPU.Build.0 = Release|Any CPU
		{2B345BA7-0D45-4EBE-B12D-9F25DC191B56}.Debug|Any CPU.ActiveCfg = Debug|Any CPU
		{2B345BA7-0D45-4EBE-B12D-9F25DC191B56}.Debug|Any CPU.Build.0 = Debug|Any CPU
		{2B345BA7-0D45-4EBE-B12D-9F25DC191B56}.Release|Any CPU.ActiveCfg = Release|Any CPU
		{2B345BA7-0D45-4EBE-B12D-9F25DC191B56}.Release|Any CPU.Build.0 = Release|Any CPU
	EndGlobalSection
	GlobalSection(SolutionProperties) = preSolution
		HideSolutionNode = FALSE
	EndGlobalSection
	GlobalSection(ExtensibilityGlobals) = postSolution
		SolutionGuid = {AD9B0938-2AD2-4601-9ECD-F7C85AD858DE}
	EndGlobalSection
EndGlobal
