
Microsoft Visual Studio Solution File, Format Version 12.00
# Visual Studio Version 16
VisualStudioVersion = 16.0.31624.102
MinimumVisualStudioVersion = 10.0.40219.1
Project("{FAE04EC0-301F-11D3-BF4B-00C04F79EFBC}") = "01.Lootbox", "01.Lootbox\01.Lootbox.csproj", "{C537E165-5C97-42B7-9A20-8B2DA722DE45}"
EndProject
Project("{FAE04EC0-301F-11D3-BF4B-00C04F79EFBC}") = "02.Re-Volt", "02.Re-Volt\02.Re-Volt.csproj", "{CDC7A7AE-1597-4AC0-A8CD-44AFAF9D7749}"
EndProject
Global
	GlobalSection(SolutionConfigurationPlatforms) = preSolution
		Debug|Any CPU = Debug|Any CPU
		Release|Any CPU = Release|Any CPU
	EndGlobalSection
	GlobalSection(ProjectConfigurationPlatforms) = postSolution
		{C537E165-5C97-42B7-9A20-8B2DA722DE45}.Debug|Any CPU.ActiveCfg = Debug|Any CPU
		{C537E165-5C97-42B7-9A20-8B2DA722DE45}.Debug|Any CPU.Build.0 = Debug|Any CPU
		{C537E165-5C97-42B7-9A20-8B2DA722DE45}.Release|Any CPU.ActiveCfg = Release|Any CPU
		{C537E165-5C97-42B7-9A20-8B2DA722DE45}.Release|Any CPU.Build.0 = Release|Any CPU
		{CDC7A7AE-1597-4AC0-A8CD-44AFAF9D7749}.Debug|Any CPU.ActiveCfg = Debug|Any CPU
		{CDC7A7AE-1597-4AC0-A8CD-44AFAF9D7749}.Debug|Any CPU.Build.0 = Debug|Any CPU
		{CDC7A7AE-1597-4AC0-A8CD-44AFAF9D7749}.Release|Any CPU.ActiveCfg = Release|Any CPU
		{CDC7A7AE-1597-4AC0-A8CD-44AFAF9D7749}.Release|Any CPU.Build.0 = Release|Any CPU
	EndGlobalSection
	GlobalSection(SolutionProperties) = preSolution
		HideSolutionNode = FALSE
	EndGlobalSection
	GlobalSection(ExtensibilityGlobals) = postSolution
		SolutionGuid = {8D38D564-BD72-4E52-8629-A6A6DD6B9D8E}
	EndGlobalSection
EndGlobal
